{
  "version": 4,
  "terraform_version": "1.2.6",
  "serial": 7,
  "lineage": "c3525446-d98e-b848-6fc1-3e89b3630af1",
  "outputs": {},
  "resources": [
    {
      "mode": "managed",
      "type": "proxmox_lxc",
      "name": "Media-Server",
      "provider": "provider[\"registry.terraform.io/telmate/proxmox\"]",
      "instances": [
        {
          "schema_version": 0,
          "attributes": {
            "arch": "amd64",
            "bwlimit": 0,
            "clone": null,
            "clone_storage": null,
            "cmode": "tty",
            "console": true,
            "cores": 6,
            "cpulimit": 0,
            "cpuunits": 1024,
            "description": "",
            "features": [
              {
                "fuse": false,
                "keyctl": false,
                "mknod": false,
                "mount": "",
                "nesting": true
              }
            ],
            "force": false,
            "full": null,
            "hagroup": "",
            "hastate": "",
            "hookscript": "",
            "hostname": "Media-Server2",
            "id": "proxmox/lxc/110",
            "ignore_unpack_errors": false,
            "lock": "",
            "memory": 16384,
            "mountpoint": [
              {
                "acl": false,
                "backup": false,
                "file": "",
                "key": "1",
                "mp": "/media",
                "quota": false,
                "replicate": false,
                "shared": false,
                "size": "0G",
                "slot": 1,
                "storage": "",
                "volume": "/mnt/storage/media"
              }
            ],
            "nameserver": "",
            "network": [
              {
                "bridge": "vmbr0",
                "firewall": false,
                "gw": "192.168.9.2",
                "gw6": "",
                "hwaddr": "C2:C9:24:A1:03:2B",
                "ip": "192.168.9.154/24",
                "ip6": "",
                "mtu": 0,
                "name": "eth0",
                "rate": 0,
                "tag": 0,
                "trunks": "",
                "type": "veth"
              }
            ],
            "onboot": false,
            "ostemplate": "zfs-data_mp:vztmpl/ubuntu-22.04-standard_22.04-1_amd64.tar.zst",
            "ostype": "ubuntu",
            "password": "asdasd",
            "pool": null,
            "protection": false,
            "restore": false,
            "rootfs": [
              {
                "acl": false,
                "quota": false,
                "replicate": false,
                "ro": false,
                "shared": false,
                "size": "10G",
                "storage": "zfs-data_mp",
                "volume": "MergerFS:110/vm-110-disk-0.raw"
              }
            ],
            "searchdomain": "",
            "ssh_public_keys": "ssh-ed25519 AAAAC3NzaC1lZDI1NTE5AAAAICsYRkCx0uNh2qxXw5MX0xHTk25puTJgbORwnz/xtqpw mba-m1@MBA-M1s-MacBook-Air.local\nssh-ed25519 AAAAC3NzaC1lZDI1NTE5AAAAIKt+18o7jPac6M5BESRXx2B1pDZ3YlqxeWWrojCvi0Ky root@Ansible\n",
            "start": true,
            "startup": "",
            "swap": 0,
            "tags": "",
            "target_node": "proxmox",
            "template": false,
            "timeouts": null,
            "tty": 2,
            "unique": false,
            "unprivileged": false,
            "unused": [],
            "vmid": 110
          },
          "sensitive_attributes": [
            [
              {
                "type": "get_attr",
                "value": "password"
              }
            ]
          ],
          "private": "eyJlMmJmYjczMC1lY2FhLTExZTYtOGY4OC0zNDM2M2JjN2M0YzAiOnsiY3JlYXRlIjozMDAwMDAwMDAwMDAsImRlZmF1bHQiOjMwMDAwMDAwMDAwMCwiZGVsZXRlIjoxODAwMDAwMDAwMDAsInJlYWQiOjE4MDAwMDAwMDAwMCwidXBkYXRlIjoxODAwMDAwMDAwMDB9fQ=="
        }
      ]
    }
  ]
}
