{
  "version": 4,
  "terraform_version": "1.2.5",
  "serial": 1,
  "lineage": "e52e7037-5b4a-c1fa-8cf2-fec555c29077",
  "outputs": {},
  "resources": [
    {
      "mode": "managed",
      "type": "proxmox_lxc",
      "name": "Gitlab",
      "provider": "provider[\"registry.terraform.io/telmate/proxmox\"]",
      "instances": [
        {
          "schema_version": 0,
          "attributes": {
            "arch": "amd64",
            "bwlimit": 0,
            "clone": null,
            "clone_storage": null,
            "cmode": "tty",
            "console": true,
            "cores": 2,
            "cpulimit": 0,
            "cpuunits": 1024,
            "description": "",
            "features": [
              {
                "fuse": false,
                "keyctl": false,
                "mknod": false,
                "mount": "",
                "nesting": true
              }
            ],
            "force": false,
            "full": null,
            "hagroup": "",
            "hastate": "",
            "hookscript": "",
            "hostname": "Gitlab",
            "id": "proxmox/lxc/116",
            "ignore_unpack_errors": false,
            "lock": "",
            "memory": 4096,
            "mountpoint": [],
            "nameserver": "",
            "network": [
              {
                "bridge": "vmbr0",
                "firewall": false,
                "gw": "192.168.9.2",
                "gw6": "",
                "hwaddr": "92:8E:02:F2:3C:24",
                "ip": "192.168.9.159/24",
                "ip6": "",
                "mtu": 0,
                "name": "eth0",
                "rate": 0,
                "tag": 0,
                "trunks": "",
                "type": "veth"
              }
            ],
            "onboot": false,
            "ostemplate": "zfs-data_mp:vztmpl/ubuntu-20.04-standard_20.04-1_amd64.tar.gz",
            "ostype": "ubuntu",
            "password": "asdasd",
            "pool": null,
            "protection": false,
            "restore": false,
            "rootfs": [
              {
                "acl": false,
                "quota": false,
                "replicate": false,
                "ro": false,
                "shared": false,
                "size": "20G",
                "storage": "zfs-data_mp",
                "volume": "zfs-data_mp:116/vm-116-disk-0.raw"
              }
            ],
            "searchdomain": "",
            "ssh_public_keys": "ssh-ed25519 AAAAC3NzaC1lZDI1NTE5AAAAICsYRkCx0uNh2qxXw5MX0xHTk25puTJgbORwnz/xtqpw mba-m1@MBA-M1s-MacBook-Air.local\nssh-ed25519 AAAAC3NzaC1lZDI1NTE5AAAAIKt+18o7jPac6M5BESRXx2B1pDZ3YlqxeWWrojCvi0Ky root@Ansible\n",
            "start": true,
            "startup": "",
            "swap": 4096,
            "tags": "",
            "target_node": "proxmox",
            "template": false,
            "timeouts": null,
            "tty": 2,
            "unique": false,
            "unprivileged": true,
            "unused": [],
            "vmid": 116
          },
          "sensitive_attributes": [
            [
              {
                "type": "get_attr",
                "value": "password"
              }
            ]
          ],
          "private": "eyJlMmJmYjczMC1lY2FhLTExZTYtOGY4OC0zNDM2M2JjN2M0YzAiOnsiY3JlYXRlIjozMDAwMDAwMDAwMDAsImRlZmF1bHQiOjMwMDAwMDAwMDAwMCwiZGVsZXRlIjoxODAwMDAwMDAwMDAsInJlYWQiOjE4MDAwMDAwMDAwMCwidXBkYXRlIjoxODAwMDAwMDAwMDB9fQ=="
        }
      ]
    }
  ]
}
